
Microsoft Visual Studio Solution File, Format Version 12.00
# Visual Studio 2015
Project("{FAE04EC0-301F-11D3-BF4B-00C04F79EFBC}") = "thezarapapeople_videojuego.CSharp.Plugins", "thezarapapeople_videojuego.CSharp.Plugins.csproj", "{109D59B6-6712-324E-7161-C60187C1497B}"
EndProject
Project("{FAE04EC0-301F-11D3-BF4B-00C04F79EFBC}") = "thezarapapeople_videojuego.CSharp", "thezarapapeople_videojuego.CSharp.csproj", "{8B307169-F046-80DB-0B1B-0DA6F630F98E}"
EndProject
Project("{FAE04EC0-301F-11D3-BF4B-00C04F79EFBC}") = "thezarapapeople_videojuego.CSharp.Editor.Plugins", "thezarapapeople_videojuego.CSharp.Editor.Plugins.csproj", "{388DCA6B-A400-CC6D-E1D2-8068DDD7924F}"
EndProject
Global
	GlobalSection(SolutionConfigurationPlatforms) = preSolution
		Debug|Any CPU = Debug|Any CPU
		Release|Any CPU = Release|Any CPU
	EndGlobalSection
	GlobalSection(ProjectConfigurationPlatforms) = postSolution
		{109D59B6-6712-324E-7161-C60187C1497B}.Debug|Any CPU.ActiveCfg = Debug|Any CPU
		{109D59B6-6712-324E-7161-C60187C1497B}.Debug|Any CPU.Build.0 = Debug|Any CPU
		{109D59B6-6712-324E-7161-C60187C1497B}.Release|Any CPU.ActiveCfg = Release|Any CPU
		{109D59B6-6712-324E-7161-C60187C1497B}.Release|Any CPU.Build.0 = Release|Any CPU
		{8B307169-F046-80DB-0B1B-0DA6F630F98E}.Debug|Any CPU.ActiveCfg = Debug|Any CPU
		{8B307169-F046-80DB-0B1B-0DA6F630F98E}.Debug|Any CPU.Build.0 = Debug|Any CPU
		{8B307169-F046-80DB-0B1B-0DA6F630F98E}.Release|Any CPU.ActiveCfg = Release|Any CPU
		{8B307169-F046-80DB-0B1B-0DA6F630F98E}.Release|Any CPU.Build.0 = Release|Any CPU
		{388DCA6B-A400-CC6D-E1D2-8068DDD7924F}.Debug|Any CPU.ActiveCfg = Debug|Any CPU
		{388DCA6B-A400-CC6D-E1D2-8068DDD7924F}.Debug|Any CPU.Build.0 = Debug|Any CPU
		{388DCA6B-A400-CC6D-E1D2-8068DDD7924F}.Release|Any CPU.ActiveCfg = Release|Any CPU
		{388DCA6B-A400-CC6D-E1D2-8068DDD7924F}.Release|Any CPU.Build.0 = Release|Any CPU
	EndGlobalSection
	GlobalSection(SolutionProperties) = preSolution
		HideSolutionNode = FALSE
	EndGlobalSection
EndGlobal
